// !$*UTF8*$!
{
	archiveVersion = 1;
	classes = {
	};
	objectVersion = 46;
	objects = {

/* Begin PBXBuildFile section */
		33B247621CA8158700B87218 /* Ejercicio3.c in Sources */ = {isa = PBXBuildFile; fileRef = 33B247611CA8158700B87218 /* Ejercicio3.c */; };
		33B2476A1CA8333A00B87218 /* forkSimple.c in Sources */ = {isa = PBXBuildFile; fileRef = 33B247691CA8333A00B87218 /* forkSimple.c */; };
		33B2476C1CA87C9600B87218 /* Ejercicio4.c in Sources */ = {isa = PBXBuildFile; fileRef = 33B2476B1CA87C9600B87218 /* Ejercicio4.c */; };
		33B2477E1CAC3AED00B87218 /* hilos_exit.c in Sources */ = {isa = PBXBuildFile; fileRef = 33B247791CAC3AED00B87218 /* hilos_exit.c */; };
		33B2477F1CAC3AED00B87218 /* hilos_join.c in Sources */ = {isa = PBXBuildFile; fileRef = 33B2477A1CAC3AED00B87218 /* hilos_join.c */; };
		33B247801CAC3AED00B87218 /* hilos.c in Sources */ = {isa = PBXBuildFile; fileRef = 33B2477B1CAC3AED00B87218 /* hilos.c */; };
		33B247811CAC3AED00B87218 /* hilosyvariables.c in Sources */ = {isa = PBXBuildFile; fileRef = 33B2477C1CAC3AED00B87218 /* hilosyvariables.c */; };
		33B247821CAC3AED00B87218 /* hilosyvariables2.c in Sources */ = {isa = PBXBuildFile; fileRef = 33B2477D1CAC3AED00B87218 /* hilosyvariables2.c */; };
		33B247881CAC3C3300B87218 /* hilos1.c in Sources */ = {isa = PBXBuildFile; fileRef = 33B247831CAC3C3300B87218 /* hilos1.c */; };
		33B247891CAC3C3300B87218 /* hilos2.c in Sources */ = {isa = PBXBuildFile; fileRef = 33B247841CAC3C3300B87218 /* hilos2.c */; };
		33B2478A1CAC3C3300B87218 /* lect_escr.c in Sources */ = {isa = PBXBuildFile; fileRef = 33B247851CAC3C3300B87218 /* lect_escr.c */; };
		33B2478B1CAC3C3300B87218 /* prod_consum.c in Sources */ = {isa = PBXBuildFile; fileRef = 33B247861CAC3C3300B87218 /* prod_consum.c */; };
		33B2478C1CAC3C3300B87218 /* prod_consum2.c in Sources */ = {isa = PBXBuildFile; fileRef = 33B247871CAC3C3300B87218 /* prod_consum2.c */; };
		33B247961CB3D4EF00B87218 /* main.c in Sources */ = {isa = PBXBuildFile; fileRef = 33B2478F1CB3D4EF00B87218 /* main.c */; };
		33B247971CB3D4EF00B87218 /* sched_rr.c in Sources */ = {isa = PBXBuildFile; fileRef = 33B247901CB3D4EF00B87218 /* sched_rr.c */; };
		33B247981CB3D4EF00B87218 /* sched_sjf.c in Sources */ = {isa = PBXBuildFile; fileRef = 33B247911CB3D4EF00B87218 /* sched_sjf.c */; };
		33B247991CB3D4EF00B87218 /* sched.c in Sources */ = {isa = PBXBuildFile; fileRef = 33B247921CB3D4EF00B87218 /* sched.c */; };
		33B2479A1CB3D4EF00B87218 /* slist.c in Sources */ = {isa = PBXBuildFile; fileRef = 33B247941CB3D4EF00B87218 /* slist.c */; };
		33B2479C1CB3D62600B87218 /* sched_fcfs.c in Sources */ = {isa = PBXBuildFile; fileRef = 33B2479B1CB3D62600B87218 /* sched_fcfs.c */; };
		33B2479F1CB3DD2C00B87218 /* barrier.c in Sources */ = {isa = PBXBuildFile; fileRef = 33B2479D1CB3DD2C00B87218 /* barrier.c */; };
		33B247A11CB3F12700B87218 /* sched_prio.c in Sources */ = {isa = PBXBuildFile; fileRef = 33B247A01CB3F12700B87218 /* sched_prio.c */; };
/* End PBXBuildFile section */

/* Begin PBXCopyFilesBuildPhase section */
		33B2475C1CA8158700B87218 /* CopyFiles */ = {
			isa = PBXCopyFilesBuildPhase;
			buildActionMask = 2147483647;
			dstPath = /usr/share/man/man1/;
			dstSubfolderSpec = 0;
			files = (
			);
			runOnlyForDeploymentPostprocessing = 1;
		};
/* End PBXCopyFilesBuildPhase section */

/* Begin PBXFileReference section */
		33B2475E1CA8158700B87218 /* SistemasOperativos */ = {isa = PBXFileReference; explicitFileType = "compiled.mach-o.executable"; includeInIndex = 0; path = SistemasOperativos; sourceTree = BUILT_PRODUCTS_DIR; };
		33B247611CA8158700B87218 /* Ejercicio3.c */ = {isa = PBXFileReference; lastKnownFileType = sourcecode.c.c; path = Ejercicio3.c; sourceTree = "<group>"; };
		33B247691CA8333A00B87218 /* forkSimple.c */ = {isa = PBXFileReference; fileEncoding = 4; lastKnownFileType = sourcecode.c.c; path = forkSimple.c; sourceTree = "<group>"; };
		33B2476B1CA87C9600B87218 /* Ejercicio4.c */ = {isa = PBXFileReference; fileEncoding = 4; lastKnownFileType = sourcecode.c.c; path = Ejercicio4.c; sourceTree = "<group>"; };
		33B247791CAC3AED00B87218 /* hilos_exit.c */ = {isa = PBXFileReference; fileEncoding = 4; lastKnownFileType = sourcecode.c.c; path = hilos_exit.c; sourceTree = "<group>"; };
		33B2477A1CAC3AED00B87218 /* hilos_join.c */ = {isa = PBXFileReference; fileEncoding = 4; lastKnownFileType = sourcecode.c.c; path = hilos_join.c; sourceTree = "<group>"; };
		33B2477B1CAC3AED00B87218 /* hilos.c */ = {isa = PBXFileReference; fileEncoding = 4; lastKnownFileType = sourcecode.c.c; path = hilos.c; sourceTree = "<group>"; };
		33B2477C1CAC3AED00B87218 /* hilosyvariables.c */ = {isa = PBXFileReference; fileEncoding = 4; lastKnownFileType = sourcecode.c.c; path = hilosyvariables.c; sourceTree = "<group>"; };
		33B2477D1CAC3AED00B87218 /* hilosyvariables2.c */ = {isa = PBXFileReference; fileEncoding = 4; lastKnownFileType = sourcecode.c.c; path = hilosyvariables2.c; sourceTree = "<group>"; };
		33B247831CAC3C3300B87218 /* hilos1.c */ = {isa = PBXFileReference; fileEncoding = 4; lastKnownFileType = sourcecode.c.c; path = hilos1.c; sourceTree = "<group>"; };
		33B247841CAC3C3300B87218 /* hilos2.c */ = {isa = PBXFileReference; fileEncoding = 4; lastKnownFileType = sourcecode.c.c; path = hilos2.c; sourceTree = "<group>"; };
		33B247851CAC3C3300B87218 /* lect_escr.c */ = {isa = PBXFileReference; fileEncoding = 4; lastKnownFileType = sourcecode.c.c; path = lect_escr.c; sourceTree = "<group>"; };
		33B247861CAC3C3300B87218 /* prod_consum.c */ = {isa = PBXFileReference; fileEncoding = 4; lastKnownFileType = sourcecode.c.c; path = prod_consum.c; sourceTree = "<group>"; };
		33B247871CAC3C3300B87218 /* prod_consum2.c */ = {isa = PBXFileReference; fileEncoding = 4; lastKnownFileType = sourcecode.c.c; path = prod_consum2.c; sourceTree = "<group>"; };
		33B2478E1CB3D4EF00B87218 /* list.h */ = {isa = PBXFileReference; fileEncoding = 4; lastKnownFileType = sourcecode.c.h; path = list.h; sourceTree = "<group>"; };
		33B2478F1CB3D4EF00B87218 /* main.c */ = {isa = PBXFileReference; fileEncoding = 4; lastKnownFileType = sourcecode.c.c; path = main.c; sourceTree = "<group>"; };
		33B247901CB3D4EF00B87218 /* sched_rr.c */ = {isa = PBXFileReference; fileEncoding = 4; lastKnownFileType = sourcecode.c.c; path = sched_rr.c; sourceTree = "<group>"; };
		33B247911CB3D4EF00B87218 /* sched_sjf.c */ = {isa = PBXFileReference; fileEncoding = 4; lastKnownFileType = sourcecode.c.c; path = sched_sjf.c; sourceTree = "<group>"; };
		33B247921CB3D4EF00B87218 /* sched.c */ = {isa = PBXFileReference; fileEncoding = 4; lastKnownFileType = sourcecode.c.c; path = sched.c; sourceTree = "<group>"; };
		33B247931CB3D4EF00B87218 /* sched.h */ = {isa = PBXFileReference; fileEncoding = 4; lastKnownFileType = sourcecode.c.h; path = sched.h; sourceTree = "<group>"; };
		33B247941CB3D4EF00B87218 /* slist.c */ = {isa = PBXFileReference; fileEncoding = 4; lastKnownFileType = sourcecode.c.c; path = slist.c; sourceTree = "<group>"; };
		33B247951CB3D4EF00B87218 /* slist.h */ = {isa = PBXFileReference; fileEncoding = 4; lastKnownFileType = sourcecode.c.h; path = slist.h; sourceTree = "<group>"; };
		33B2479B1CB3D62600B87218 /* sched_fcfs.c */ = {isa = PBXFileReference; fileEncoding = 4; lastKnownFileType = sourcecode.c.c; path = sched_fcfs.c; sourceTree = "<group>"; };
		33B2479D1CB3DD2C00B87218 /* barrier.c */ = {isa = PBXFileReference; fileEncoding = 4; lastKnownFileType = sourcecode.c.c; path = barrier.c; sourceTree = "<group>"; };
		33B2479E1CB3DD2C00B87218 /* barrier.h */ = {isa = PBXFileReference; fileEncoding = 4; lastKnownFileType = sourcecode.c.h; path = barrier.h; sourceTree = "<group>"; };
		33B247A01CB3F12700B87218 /* sched_prio.c */ = {isa = PBXFileReference; fileEncoding = 4; lastKnownFileType = sourcecode.c.c; path = sched_prio.c; sourceTree = "<group>"; };
/* End PBXFileReference section */

/* Begin PBXFrameworksBuildPhase section */
		33B2475B1CA8158700B87218 /* Frameworks */ = {
			isa = PBXFrameworksBuildPhase;
			buildActionMask = 2147483647;
			files = (
			);
			runOnlyForDeploymentPostprocessing = 0;
		};
/* End PBXFrameworksBuildPhase section */

/* Begin PBXGroup section */
		33B247551CA8158700B87218 = {
			isa = PBXGroup;
			children = (
				33B247601CA8158700B87218 /* SistemasOperativos */,
				33B2475F1CA8158700B87218 /* Products */,
			);
			sourceTree = "<group>";
		};
		33B2475F1CA8158700B87218 /* Products */ = {
			isa = PBXGroup;
			children = (
				33B2475E1CA8158700B87218 /* SistemasOperativos */,
			);
			name = Products;
			sourceTree = "<group>";
		};
		33B247601CA8158700B87218 /* SistemasOperativos */ = {
			isa = PBXGroup;
			children = (
				33B2478D1CB3D43F00B87218 /* Practica3 */,
				33B2476E1CAAD24200B87218 /* Hilos */,
				33B247681CA816CA00B87218 /* Procesos */,
			);
			path = SistemasOperativos;
			sourceTree = "<group>";
		};
		33B247681CA816CA00B87218 /* Procesos */ = {
			isa = PBXGroup;
			children = (
				33B247611CA8158700B87218 /* Ejercicio3.c */,
				33B247691CA8333A00B87218 /* forkSimple.c */,
				33B2476B1CA87C9600B87218 /* Ejercicio4.c */,
			);
			name = Procesos;
			sourceTree = "<group>";
		};
		33B2476E1CAAD24200B87218 /* Hilos */ = {
			isa = PBXGroup;
			children = (
				33B247831CAC3C3300B87218 /* hilos1.c */,
				33B247841CAC3C3300B87218 /* hilos2.c */,
				33B247851CAC3C3300B87218 /* lect_escr.c */,
				33B247861CAC3C3300B87218 /* prod_consum.c */,
				33B247871CAC3C3300B87218 /* prod_consum2.c */,
				33B247791CAC3AED00B87218 /* hilos_exit.c */,
				33B2477A1CAC3AED00B87218 /* hilos_join.c */,
				33B2477B1CAC3AED00B87218 /* hilos.c */,
				33B2477C1CAC3AED00B87218 /* hilosyvariables.c */,
				33B2477D1CAC3AED00B87218 /* hilosyvariables2.c */,
			);
			name = Hilos;
			sourceTree = "<group>";
		};
		33B2478D1CB3D43F00B87218 /* Practica3 */ = {
			isa = PBXGroup;
			children = (
				33B247A01CB3F12700B87218 /* sched_prio.c */,
				33B2479D1CB3DD2C00B87218 /* barrier.c */,
				33B2479E1CB3DD2C00B87218 /* barrier.h */,
				33B2479B1CB3D62600B87218 /* sched_fcfs.c */,
				33B2478E1CB3D4EF00B87218 /* list.h */,
				33B2478F1CB3D4EF00B87218 /* main.c */,
				33B247901CB3D4EF00B87218 /* sched_rr.c */,
				33B247911CB3D4EF00B87218 /* sched_sjf.c */,
				33B247921CB3D4EF00B87218 /* sched.c */,
				33B247931CB3D4EF00B87218 /* sched.h */,
				33B247941CB3D4EF00B87218 /* slist.c */,
				33B247951CB3D4EF00B87218 /* slist.h */,
			);
			name = Practica3;
			sourceTree = "<group>";
		};
/* End PBXGroup section */

/* Begin PBXNativeTarget section */
		33B2475D1CA8158700B87218 /* SistemasOperativos */ = {
			isa = PBXNativeTarget;
			buildConfigurationList = 33B247651CA8158700B87218 /* Build configuration list for PBXNativeTarget "SistemasOperativos" */;
			buildPhases = (
				33B2475A1CA8158700B87218 /* Sources */,
				33B2475B1CA8158700B87218 /* Frameworks */,
				33B2475C1CA8158700B87218 /* CopyFiles */,
			);
			buildRules = (
			);
			dependencies = (
			);
			name = SistemasOperativos;
			productName = SistemasOperativos;
			productReference = 33B2475E1CA8158700B87218 /* SistemasOperativos */;
			productType = "com.apple.product-type.tool";
		};
/* End PBXNativeTarget section */

/* Begin PBXProject section */
		33B247561CA8158700B87218 /* Project object */ = {
			isa = PBXProject;
			attributes = {
				LastUpgradeCheck = 0730;
				ORGANIZATIONNAME = "Daniel Lago Aguado";
				TargetAttributes = {
					33B2475D1CA8158700B87218 = {
						CreatedOnToolsVersion = 7.3;
					};
				};
			};
			buildConfigurationList = 33B247591CA8158700B87218 /* Build configuration list for PBXProject "SistemasOperativos" */;
			compatibilityVersion = "Xcode 3.2";
			developmentRegion = English;
			hasScannedForEncodings = 0;
			knownRegions = (
				en,
			);
			mainGroup = 33B247551CA8158700B87218;
			productRefGroup = 33B2475F1CA8158700B87218 /* Products */;
			projectDirPath = "";
			projectRoot = "";
			targets = (
				33B2475D1CA8158700B87218 /* SistemasOperativos */,
			);
		};
/* End PBXProject section */

/* Begin PBXSourcesBuildPhase section */
		33B2475A1CA8158700B87218 /* Sources */ = {
			isa = PBXSourcesBuildPhase;
			buildActionMask = 2147483647;
			files = (
				33B247891CAC3C3300B87218 /* hilos2.c in Sources */,
				33B247621CA8158700B87218 /* Ejercicio3.c in Sources */,
				33B247811CAC3AED00B87218 /* hilosyvariables.c in Sources */,
				33B2479A1CB3D4EF00B87218 /* slist.c in Sources */,
				33B2478B1CAC3C3300B87218 /* prod_consum.c in Sources */,
				33B2477E1CAC3AED00B87218 /* hilos_exit.c in Sources */,
				33B247981CB3D4EF00B87218 /* sched_sjf.c in Sources */,
				33B2478A1CAC3C3300B87218 /* lect_escr.c in Sources */,
				33B247961CB3D4EF00B87218 /* main.c in Sources */,
				33B247971CB3D4EF00B87218 /* sched_rr.c in Sources */,
				33B2476C1CA87C9600B87218 /* Ejercicio4.c in Sources */,
				33B2478C1CAC3C3300B87218 /* prod_consum2.c in Sources */,
				33B247801CAC3AED00B87218 /* hilos.c in Sources */,
				33B247A11CB3F12700B87218 /* sched_prio.c in Sources */,
				33B2476A1CA8333A00B87218 /* forkSimple.c in Sources */,
				33B247821CAC3AED00B87218 /* hilosyvariables2.c in Sources */,
				33B247991CB3D4EF00B87218 /* sched.c in Sources */,
				33B2479C1CB3D62600B87218 /* sched_fcfs.c in Sources */,
				33B2479F1CB3DD2C00B87218 /* barrier.c in Sources */,
				33B2477F1CAC3AED00B87218 /* hilos_join.c in Sources */,
				33B247881CAC3C3300B87218 /* hilos1.c in Sources */,
			);
			runOnlyForDeploymentPostprocessing = 0;
		};
/* End PBXSourcesBuildPhase section */

/* Begin XCBuildConfiguration section */
		33B247631CA8158700B87218 /* Debug */ = {
			isa = XCBuildConfiguration;
			buildSettings = {
				ALWAYS_SEARCH_USER_PATHS = NO;
				CLANG_ANALYZER_NONNULL = YES;
				CLANG_CXX_LANGUAGE_STANDARD = "gnu++0x";
				CLANG_CXX_LIBRARY = "libc++";
				CLANG_ENABLE_MODULES = YES;
				CLANG_ENABLE_OBJC_ARC = YES;
				CLANG_WARN_BOOL_CONVERSION = YES;
				CLANG_WARN_CONSTANT_CONVERSION = YES;
				CLANG_WARN_DIRECT_OBJC_ISA_USAGE = YES_ERROR;
				CLANG_WARN_EMPTY_BODY = YES;
				CLANG_WARN_ENUM_CONVERSION = YES;
				CLANG_WARN_INT_CONVERSION = YES;
				CLANG_WARN_OBJC_ROOT_CLASS = YES_ERROR;
				CLANG_WARN_UNREACHABLE_CODE = YES;
				CLANG_WARN__DUPLICATE_METHOD_MATCH = YES;
				CODE_SIGN_IDENTITY = "-";
				COPY_PHASE_STRIP = NO;
				DEBUG_INFORMATION_FORMAT = dwarf;
				ENABLE_STRICT_OBJC_MSGSEND = YES;
				ENABLE_TESTABILITY = YES;
				GCC_C_LANGUAGE_STANDARD = gnu99;
				GCC_DYNAMIC_NO_PIC = NO;
				GCC_NO_COMMON_BLOCKS = YES;
				GCC_OPTIMIZATION_LEVEL = 0;
				GCC_PREPROCESSOR_DEFINITIONS = (
					"DEBUG=1",
					"$(inherited)",
				);
				GCC_WARN_64_TO_32_BIT_CONVERSION = YES;
				GCC_WARN_ABOUT_RETURN_TYPE = YES_ERROR;
				GCC_WARN_UNDECLARED_SELECTOR = YES;
				GCC_WARN_UNINITIALIZED_AUTOS = YES_AGGRESSIVE;
				GCC_WARN_UNUSED_FUNCTION = YES;
				GCC_WARN_UNUSED_VARIABLE = YES;
				MACOSX_DEPLOYMENT_TARGET = 10.11;
				MTL_ENABLE_DEBUG_INFO = YES;
				ONLY_ACTIVE_ARCH = YES;
				SDKROOT = macosx;
			};
			name = Debug;
		};
		33B247641CA8158700B87218 /* Release */ = {
			isa = XCBuildConfiguration;
			buildSettings = {
				ALWAYS_SEARCH_USER_PATHS = NO;
				CLANG_ANALYZER_NONNULL = YES;
				CLANG_CXX_LANGUAGE_STANDARD = "gnu++0x";
				CLANG_CXX_LIBRARY = "libc++";
				CLANG_ENABLE_MODULES = YES;
				CLANG_ENABLE_OBJC_ARC = YES;
				CLANG_WARN_BOOL_CONVERSION = YES;
				CLANG_WARN_CONSTANT_CONVERSION = YES;
				CLANG_WARN_DIRECT_OBJC_ISA_USAGE = YES_ERROR;
				CLANG_WARN_EMPTY_BODY = YES;
				CLANG_WARN_ENUM_CONVERSION = YES;
				CLANG_WARN_INT_CONVERSION = YES;
				CLANG_WARN_OBJC_ROOT_CLASS = YES_ERROR;
				CLANG_WARN_UNREACHABLE_CODE = YES;
				CLANG_WARN__DUPLICATE_METHOD_MATCH = YES;
				CODE_SIGN_IDENTITY = "-";
				COPY_PHASE_STRIP = NO;
				DEBUG_INFORMATION_FORMAT = "dwarf-with-dsym";
				ENABLE_NS_ASSERTIONS = NO;
				ENABLE_STRICT_OBJC_MSGSEND = YES;
				GCC_C_LANGUAGE_STANDARD = gnu99;
				GCC_NO_COMMON_BLOCKS = YES;
				GCC_WARN_64_TO_32_BIT_CONVERSION = YES;
				GCC_WARN_ABOUT_RETURN_TYPE = YES_ERROR;
				GCC_WARN_UNDECLARED_SELECTOR = YES;
				GCC_WARN_UNINITIALIZED_AUTOS = YES_AGGRESSIVE;
				GCC_WARN_UNUSED_FUNCTION = YES;
				GCC_WARN_UNUSED_VARIABLE = YES;
				MACOSX_DEPLOYMENT_TARGET = 10.11;
				MTL_ENABLE_DEBUG_INFO = NO;
				SDKROOT = macosx;
			};
			name = Release;
		};
		33B247661CA8158700B87218 /* Debug */ = {
			isa = XCBuildConfiguration;
			buildSettings = {
				PRODUCT_NAME = "$(TARGET_NAME)";
			};
			name = Debug;
		};
		33B247671CA8158700B87218 /* Release */ = {
			isa = XCBuildConfiguration;
			buildSettings = {
				PRODUCT_NAME = "$(TARGET_NAME)";
			};
			name = Release;
		};
/* End XCBuildConfiguration section */

/* Begin XCConfigurationList section */
		33B247591CA8158700B87218 /* Build configuration list for PBXProject "SistemasOperativos" */ = {
			isa = XCConfigurationList;
			buildConfigurations = (
				33B247631CA8158700B87218 /* Debug */,
				33B247641CA8158700B87218 /* Release */,
			);
			defaultConfigurationIsVisible = 0;
			defaultConfigurationName = Release;
		};
		33B247651CA8158700B87218 /* Build configuration list for PBXNativeTarget "SistemasOperativos" */ = {
			isa = XCConfigurationList;
			buildConfigurations = (
				33B247661CA8158700B87218 /* Debug */,
				33B247671CA8158700B87218 /* Release */,
			);
			defaultConfigurationIsVisible = 0;
		};
/* End XCConfigurationList section */
	};
	rootObject = 33B247561CA8158700B87218 /* Project object */;
}
